
Microsoft Visual Studio Solution File, Format Version 12.00
# Visual Studio Version 16
VisualStudioVersion = 16.0.29025.244
MinimumVisualStudioVersion = 10.0.40219.1
Project("{888888A0-9F3D-457C-B088-3A5042F75D52}") = "AoC2019_Day_6", "AoC2019_Day_6\AoC2019_Day_6.pyproj", "{5993C8AA-E18D-4458-AE08-1698A97787D2}"
EndProject
Global
	GlobalSection(SolutionConfigurationPlatforms) = preSolution
		Debug|Any CPU = Debug|Any CPU
		Release|Any CPU = Release|Any CPU
	EndGlobalSection
	GlobalSection(ProjectConfigurationPlatforms) = postSolution
		{5993C8AA-E18D-4458-AE08-1698A97787D2}.Debug|Any CPU.ActiveCfg = Debug|Any CPU
		{5993C8AA-E18D-4458-AE08-1698A97787D2}.Release|Any CPU.ActiveCfg = Release|Any CPU
	EndGlobalSection
	GlobalSection(SolutionProperties) = preSolution
		HideSolutionNode = FALSE
	EndGlobalSection
	GlobalSection(ExtensibilityGlobals) = postSolution
		SolutionGuid = {A780111E-5AD3-4848-8902-8BC68C5DE8C1}
	EndGlobalSection
EndGlobal
